
Microsoft Visual Studio Solution File, Format Version 12.00
# Visual Studio Version 16
VisualStudioVersion = 16.0.30717.126
MinimumVisualStudioVersion = 10.0.40219.1
Project("{8BC9CEB8-8B4A-11D0-8D11-00A0C91BC942}") = "Lab03", "Lab03.vcxproj", "{F7BB2D43-EBB3-4D58-9064-6E74A18316D7}"
EndProject
Global
	GlobalSection(SolutionConfigurationPlatforms) = preSolution
		Debug|x64 = Debug|x64
		Debug|x86 = Debug|x86
		Release|x64 = Release|x64
		Release|x86 = Release|x86
	EndGlobalSection
	GlobalSection(ProjectConfigurationPlatforms) = postSolution
		{F7BB2D43-EBB3-4D58-9064-6E74A18316D7}.Debug|x64.ActiveCfg = Debug|x64
		{F7BB2D43-EBB3-4D58-9064-6E74A18316D7}.Debug|x64.Build.0 = Debug|x64
		{F7BB2D43-EBB3-4D58-9064-6E74A18316D7}.Debug|x86.ActiveCfg = Debug|Win32
		{F7BB2D43-EBB3-4D58-9064-6E74A18316D7}.Debug|x86.Build.0 = Debug|Win32
		{F7BB2D43-EBB3-4D58-9064-6E74A18316D7}.Release|x64.ActiveCfg = Release|x64
		{F7BB2D43-EBB3-4D58-9064-6E74A18316D7}.Release|x64.Build.0 = Release|x64
		{F7BB2D43-EBB3-4D58-9064-6E74A18316D7}.Release|x86.ActiveCfg = Release|Win32
		{F7BB2D43-EBB3-4D58-9064-6E74A18316D7}.Release|x86.Build.0 = Release|Win32
	EndGlobalSection
	GlobalSection(SolutionProperties) = preSolution
		HideSolutionNode = FALSE
	EndGlobalSection
	GlobalSection(ExtensibilityGlobals) = postSolution
		SolutionGuid = {3F3EAAF7-2392-4AC2-8A4A-1A880433D4BB}
	EndGlobalSection
EndGlobal
